
Microsoft Visual Studio Solution File, Format Version 12.00
# Visual Studio Version 16
VisualStudioVersion = 16.0.32002.261
MinimumVisualStudioVersion = 10.0.40219.1
Project("{2150E333-8FDC-42A3-9474-1A3956D46DE8}") = "ShopManagement", "ShopManagement", "{7E9BD5BF-EA2C-478E-A15A-7A90FB711211}"
EndProject
Project("{2150E333-8FDC-42A3-9474-1A3956D46DE8}") = "SM.Domain", "SM.Domain", "{E63CDD48-785B-488B-9F5C-3BC6BEB56973}"
EndProject
Project("{9A19103F-16F7-4668-BE54-9A1E7A4F7556}") = "ShopManagement.Domain", "ShopManagement.Domain\ShopManagement.Domain.csproj", "{E49C049C-6579-4637-B181-ED06BD66E08F}"
EndProject
Project("{9A19103F-16F7-4668-BE54-9A1E7A4F7556}") = "0_Framework", "0_Framework\0_Framework.csproj", "{38D7ED61-B4C3-4517-8EBE-F0F6718E2710}"
EndProject
Project("{2150E333-8FDC-42A3-9474-1A3956D46DE8}") = "SM.Application", "SM.Application", "{4F4A581B-D580-4C58-92B1-9FCD416AD212}"
EndProject
Project("{9A19103F-16F7-4668-BE54-9A1E7A4F7556}") = "ShopManagement.Application.Contracts", "ShaopManagement.Application.Contracts\ShopManagement.Application.Contracts.csproj", "{6B3A84AC-03F6-4BEB-8A50-AEBB3F5DF245}"
EndProject
Project("{9A19103F-16F7-4668-BE54-9A1E7A4F7556}") = "ShopManagement.Application", "ShopManagement.Application\ShopManagement.Application.csproj", "{210FD277-8EC8-42B5-AC31-63CEAC2B2D64}"
EndProject
Project("{2150E333-8FDC-42A3-9474-1A3956D46DE8}") = "SM.Infrastructure", "SM.Infrastructure", "{82C88D84-FE1A-4971-A779-076366B18937}"
EndProject
Project("{9A19103F-16F7-4668-BE54-9A1E7A4F7556}") = "ShopManagement.Infrastructure.EFCore", "ShopManagement.Infrastructure.EFCore\ShopManagement.Infrastructure.EFCore.csproj", "{92F2A3B5-28E7-48E9-B437-EFCD8B74171B}"
EndProject
Project("{9A19103F-16F7-4668-BE54-9A1E7A4F7556}") = "ShopManagement.Configuration", "ShopManagement.Configuration\ShopManagement.Configuration.csproj", "{E39B9B66-A44F-4340-93E9-BBDFC62F1915}"
EndProject
Project("{2150E333-8FDC-42A3-9474-1A3956D46DE8}") = "LampShade_MVCCore", "LampShade_MVCCore", "{15E57DA1-C1BF-4132-9A67-FBA7A6B88710}"
EndProject
Project("{9A19103F-16F7-4668-BE54-9A1E7A4F7556}") = "LampShade_MVCCore", "LampShade_MVCCore\LampShade_MVCCore.csproj", "{698F5C29-92DB-470F-B711-52DD62769E9C}"
EndProject
Project("{2150E333-8FDC-42A3-9474-1A3956D46DE8}") = "DiscountManagement", "DiscountManagement", "{AF9CD496-60CA-4C14-9953-41AA3DA59BBA}"
EndProject
Project("{2150E333-8FDC-42A3-9474-1A3956D46DE8}") = "DM.Domain", "DM.Domain", "{FB32CFD1-09C2-47FE-8698-E0A90DBDAFA2}"
EndProject
Project("{2150E333-8FDC-42A3-9474-1A3956D46DE8}") = "DM.Application", "DM.Application", "{F64C7041-1C77-4F5D-BB0F-868A2E164F12}"
EndProject
Project("{2150E333-8FDC-42A3-9474-1A3956D46DE8}") = "DM.Infrastructure", "DM.Infrastructure", "{A2144676-7F60-4354-B887-CAD84AAC5273}"
EndProject
Project("{9A19103F-16F7-4668-BE54-9A1E7A4F7556}") = "DiscountManagement.Domain", "DiscountManagement.Domain\DiscountManagement.Domain.csproj", "{18A20570-9237-497F-979E-5723C1E9E19C}"
EndProject
Project("{9A19103F-16F7-4668-BE54-9A1E7A4F7556}") = "01_LampshadeQuery", "01_LampshadeQuery\01_LampshadeQuery.csproj", "{36711695-AF97-47CE-B0FE-9C932D03FEE9}"
EndProject
Project("{9A19103F-16F7-4668-BE54-9A1E7A4F7556}") = "DiscountManagement.Application.Contracts", "DiscountManagement.Application.Contracts\DiscountManagement.Application.Contracts.csproj", "{EC757031-E8EB-4792-AF38-218294983884}"
EndProject
Project("{9A19103F-16F7-4668-BE54-9A1E7A4F7556}") = "DiscountManagement.Infrastructure.EFCore", "DiscountManagement.Infrastructure.EFCore\DiscountManagement.Infrastructure.EFCore.csproj", "{7815007F-334C-4440-A7BF-FB2EB73D5A7F}"
EndProject
Project("{9A19103F-16F7-4668-BE54-9A1E7A4F7556}") = "DiscountManagement.Application", "DiscountManagement.Application\DiscountManagement.Application.csproj", "{1F502943-5862-4F6D-9637-303789188211}"
EndProject
Project("{FAE04EC0-301F-11D3-BF4B-00C04F79EFBC}") = "DiscountManagement.Infrastructure.Configuration", "DiscountManagement.Infrastructure.Configure\DiscountManagement.Infrastructure.Configuration.csproj", "{1BBE3C01-8531-4BB6-A0FB-69BA5A389B61}"
EndProject
Global
	GlobalSection(SolutionConfigurationPlatforms) = preSolution
		Debug|Any CPU = Debug|Any CPU
		Release|Any CPU = Release|Any CPU
	EndGlobalSection
	GlobalSection(ProjectConfigurationPlatforms) = postSolution
		{E49C049C-6579-4637-B181-ED06BD66E08F}.Debug|Any CPU.ActiveCfg = Debug|Any CPU
		{E49C049C-6579-4637-B181-ED06BD66E08F}.Debug|Any CPU.Build.0 = Debug|Any CPU
		{E49C049C-6579-4637-B181-ED06BD66E08F}.Release|Any CPU.ActiveCfg = Release|Any CPU
		{E49C049C-6579-4637-B181-ED06BD66E08F}.Release|Any CPU.Build.0 = Release|Any CPU
		{38D7ED61-B4C3-4517-8EBE-F0F6718E2710}.Debug|Any CPU.ActiveCfg = Debug|Any CPU
		{38D7ED61-B4C3-4517-8EBE-F0F6718E2710}.Debug|Any CPU.Build.0 = Debug|Any CPU
		{38D7ED61-B4C3-4517-8EBE-F0F6718E2710}.Release|Any CPU.ActiveCfg = Release|Any CPU
		{38D7ED61-B4C3-4517-8EBE-F0F6718E2710}.Release|Any CPU.Build.0 = Release|Any CPU
		{6B3A84AC-03F6-4BEB-8A50-AEBB3F5DF245}.Debug|Any CPU.ActiveCfg = Debug|Any CPU
		{6B3A84AC-03F6-4BEB-8A50-AEBB3F5DF245}.Debug|Any CPU.Build.0 = Debug|Any CPU
		{6B3A84AC-03F6-4BEB-8A50-AEBB3F5DF245}.Release|Any CPU.ActiveCfg = Release|Any CPU
		{6B3A84AC-03F6-4BEB-8A50-AEBB3F5DF245}.Release|Any CPU.Build.0 = Release|Any CPU
		{210FD277-8EC8-42B5-AC31-63CEAC2B2D64}.Debug|Any CPU.ActiveCfg = Debug|Any CPU
		{210FD277-8EC8-42B5-AC31-63CEAC2B2D64}.Debug|Any CPU.Build.0 = Debug|Any CPU
		{210FD277-8EC8-42B5-AC31-63CEAC2B2D64}.Release|Any CPU.ActiveCfg = Release|Any CPU
		{210FD277-8EC8-42B5-AC31-63CEAC2B2D64}.Release|Any CPU.Build.0 = Release|Any CPU
		{92F2A3B5-28E7-48E9-B437-EFCD8B74171B}.Debug|Any CPU.ActiveCfg = Debug|Any CPU
		{92F2A3B5-28E7-48E9-B437-EFCD8B74171B}.Debug|Any CPU.Build.0 = Debug|Any CPU
		{92F2A3B5-28E7-48E9-B437-EFCD8B74171B}.Release|Any CPU.ActiveCfg = Release|Any CPU
		{92F2A3B5-28E7-48E9-B437-EFCD8B74171B}.Release|Any CPU.Build.0 = Release|Any CPU
		{E39B9B66-A44F-4340-93E9-BBDFC62F1915}.Debug|Any CPU.ActiveCfg = Debug|Any CPU
		{E39B9B66-A44F-4340-93E9-BBDFC62F1915}.Debug|Any CPU.Build.0 = Debug|Any CPU
		{E39B9B66-A44F-4340-93E9-BBDFC62F1915}.Release|Any CPU.ActiveCfg = Release|Any CPU
		{E39B9B66-A44F-4340-93E9-BBDFC62F1915}.Release|Any CPU.Build.0 = Release|Any CPU
		{698F5C29-92DB-470F-B711-52DD62769E9C}.Debug|Any CPU.ActiveCfg = Debug|Any CPU
		{698F5C29-92DB-470F-B711-52DD62769E9C}.Debug|Any CPU.Build.0 = Debug|Any CPU
		{698F5C29-92DB-470F-B711-52DD62769E9C}.Release|Any CPU.ActiveCfg = Release|Any CPU
		{698F5C29-92DB-470F-B711-52DD62769E9C}.Release|Any CPU.Build.0 = Release|Any CPU
		{18A20570-9237-497F-979E-5723C1E9E19C}.Debug|Any CPU.ActiveCfg = Debug|Any CPU
		{18A20570-9237-497F-979E-5723C1E9E19C}.Debug|Any CPU.Build.0 = Debug|Any CPU
		{18A20570-9237-497F-979E-5723C1E9E19C}.Release|Any CPU.ActiveCfg = Release|Any CPU
		{18A20570-9237-497F-979E-5723C1E9E19C}.Release|Any CPU.Build.0 = Release|Any CPU
		{36711695-AF97-47CE-B0FE-9C932D03FEE9}.Debug|Any CPU.ActiveCfg = Debug|Any CPU
		{36711695-AF97-47CE-B0FE-9C932D03FEE9}.Debug|Any CPU.Build.0 = Debug|Any CPU
		{36711695-AF97-47CE-B0FE-9C932D03FEE9}.Release|Any CPU.ActiveCfg = Release|Any CPU
		{36711695-AF97-47CE-B0FE-9C932D03FEE9}.Release|Any CPU.Build.0 = Release|Any CPU
		{EC757031-E8EB-4792-AF38-218294983884}.Debug|Any CPU.ActiveCfg = Debug|Any CPU
		{EC757031-E8EB-4792-AF38-218294983884}.Debug|Any CPU.Build.0 = Debug|Any CPU
		{EC757031-E8EB-4792-AF38-218294983884}.Release|Any CPU.ActiveCfg = Release|Any CPU
		{EC757031-E8EB-4792-AF38-218294983884}.Release|Any CPU.Build.0 = Release|Any CPU
		{7815007F-334C-4440-A7BF-FB2EB73D5A7F}.Debug|Any CPU.ActiveCfg = Debug|Any CPU
		{7815007F-334C-4440-A7BF-FB2EB73D5A7F}.Debug|Any CPU.Build.0 = Debug|Any CPU
		{7815007F-334C-4440-A7BF-FB2EB73D5A7F}.Release|Any CPU.ActiveCfg = Release|Any CPU
		{7815007F-334C-4440-A7BF-FB2EB73D5A7F}.Release|Any CPU.Build.0 = Release|Any CPU
		{1F502943-5862-4F6D-9637-303789188211}.Debug|Any CPU.ActiveCfg = Debug|Any CPU
		{1F502943-5862-4F6D-9637-303789188211}.Debug|Any CPU.Build.0 = Debug|Any CPU
		{1F502943-5862-4F6D-9637-303789188211}.Release|Any CPU.ActiveCfg = Release|Any CPU
		{1F502943-5862-4F6D-9637-303789188211}.Release|Any CPU.Build.0 = Release|Any CPU
		{1BBE3C01-8531-4BB6-A0FB-69BA5A389B61}.Debug|Any CPU.ActiveCfg = Debug|Any CPU
		{1BBE3C01-8531-4BB6-A0FB-69BA5A389B61}.Debug|Any CPU.Build.0 = Debug|Any CPU
		{1BBE3C01-8531-4BB6-A0FB-69BA5A389B61}.Release|Any CPU.ActiveCfg = Release|Any CPU
		{1BBE3C01-8531-4BB6-A0FB-69BA5A389B61}.Release|Any CPU.Build.0 = Release|Any CPU
	EndGlobalSection
	GlobalSection(SolutionProperties) = preSolution
		HideSolutionNode = FALSE
	EndGlobalSection
	GlobalSection(NestedProjects) = preSolution
		{E63CDD48-785B-488B-9F5C-3BC6BEB56973} = {7E9BD5BF-EA2C-478E-A15A-7A90FB711211}
		{E49C049C-6579-4637-B181-ED06BD66E08F} = {E63CDD48-785B-488B-9F5C-3BC6BEB56973}
		{4F4A581B-D580-4C58-92B1-9FCD416AD212} = {7E9BD5BF-EA2C-478E-A15A-7A90FB711211}
		{6B3A84AC-03F6-4BEB-8A50-AEBB3F5DF245} = {4F4A581B-D580-4C58-92B1-9FCD416AD212}
		{210FD277-8EC8-42B5-AC31-63CEAC2B2D64} = {4F4A581B-D580-4C58-92B1-9FCD416AD212}
		{82C88D84-FE1A-4971-A779-076366B18937} = {7E9BD5BF-EA2C-478E-A15A-7A90FB711211}
		{92F2A3B5-28E7-48E9-B437-EFCD8B74171B} = {82C88D84-FE1A-4971-A779-076366B18937}
		{E39B9B66-A44F-4340-93E9-BBDFC62F1915} = {82C88D84-FE1A-4971-A779-076366B18937}
		{698F5C29-92DB-470F-B711-52DD62769E9C} = {15E57DA1-C1BF-4132-9A67-FBA7A6B88710}
		{FB32CFD1-09C2-47FE-8698-E0A90DBDAFA2} = {AF9CD496-60CA-4C14-9953-41AA3DA59BBA}
		{F64C7041-1C77-4F5D-BB0F-868A2E164F12} = {AF9CD496-60CA-4C14-9953-41AA3DA59BBA}
		{A2144676-7F60-4354-B887-CAD84AAC5273} = {AF9CD496-60CA-4C14-9953-41AA3DA59BBA}
		{18A20570-9237-497F-979E-5723C1E9E19C} = {FB32CFD1-09C2-47FE-8698-E0A90DBDAFA2}
		{EC757031-E8EB-4792-AF38-218294983884} = {F64C7041-1C77-4F5D-BB0F-868A2E164F12}
		{7815007F-334C-4440-A7BF-FB2EB73D5A7F} = {A2144676-7F60-4354-B887-CAD84AAC5273}
		{1F502943-5862-4F6D-9637-303789188211} = {F64C7041-1C77-4F5D-BB0F-868A2E164F12}
		{1BBE3C01-8531-4BB6-A0FB-69BA5A389B61} = {A2144676-7F60-4354-B887-CAD84AAC5273}
	EndGlobalSection
	GlobalSection(ExtensibilityGlobals) = postSolution
		SolutionGuid = {422DB49A-637A-4563-8DBE-53FA851A8104}
	EndGlobalSection
EndGlobal
